
Microsoft Visual Studio Solution File, Format Version 12.00
# Visual Studio Version 16
VisualStudioVersion = 16.0.31229.75
MinimumVisualStudioVersion = 10.0.40219.1
Project("{8BC9CEB8-8B4A-11D0-8D11-00A0C91BC942}") = "Sandbox", "Sandbox\Sandbox.vcxproj", "{009117D4-8121-4986-BA29-1A7063FCA0B1}"
EndProject
Project("{8BC9CEB8-8B4A-11D0-8D11-00A0C91BC942}") = "Hazel", "Hazel\Hazel.vcxproj", "{C3021099-104D-41D8-9F48-BA7E7F9CBE41}"
EndProject
Global
	GlobalSection(SolutionConfigurationPlatforms) = preSolution
		Debug|x64 = Debug|x64
		Release|x64 = Release|x64
	EndGlobalSection
	GlobalSection(ProjectConfigurationPlatforms) = postSolution
		{C3021099-104D-41D8-9F48-BA7E7F9CBE41}.Debug|x64.ActiveCfg = Debug|x64
		{C3021099-104D-41D8-9F48-BA7E7F9CBE41}.Debug|x64.Build.0 = Debug|x64
		{C3021099-104D-41D8-9F48-BA7E7F9CBE41}.Release|x64.ActiveCfg = Release|x64
		{C3021099-104D-41D8-9F48-BA7E7F9CBE41}.Release|x64.Build.0 = Release|x64
		{009117D4-8121-4986-BA29-1A7063FCA0B1}.Debug|x64.ActiveCfg = Debug|x64
		{009117D4-8121-4986-BA29-1A7063FCA0B1}.Debug|x64.Build.0 = Debug|x64
		{009117D4-8121-4986-BA29-1A7063FCA0B1}.Release|x64.ActiveCfg = Release|x64
		{009117D4-8121-4986-BA29-1A7063FCA0B1}.Release|x64.Build.0 = Release|x64
	EndGlobalSection
	GlobalSection(SolutionProperties) = preSolution
		HideSolutionNode = FALSE
	EndGlobalSection
	GlobalSection(ExtensibilityGlobals) = postSolution
		SolutionGuid = {46355381-BF44-472E-933C-A93A24161FA1}
	EndGlobalSection
EndGlobal
